
Microsoft Visual Studio Solution File, Format Version 12.00
# Visual Studio Version 16
VisualStudioVersion = 16.0.32228.343
MinimumVisualStudioVersion = 10.0.40219.1
Project("{F184B08F-C81C-45F6-A57F-5ABD9991F28F}") = "ChurchManagementSystem", "ChurchManagementSystem.vbproj", "{D83BA8C2-B81C-4074-8A06-DD42B518C56A}"
EndProject
Project("{54435603-DBB4-11D2-8724-00A0C9A8B90C}") = "Church Management System", "..\Church Management System\Church Management System.vdproj", "{D6510C7C-ADE0-4171-A59D-00CE3B83F52F}"
EndProject
Global
	GlobalSection(SolutionConfigurationPlatforms) = preSolution
		Debug|Any CPU = Debug|Any CPU
		Release|Any CPU = Release|Any CPU
	EndGlobalSection
	GlobalSection(ProjectConfigurationPlatforms) = postSolution
		{D83BA8C2-B81C-4074-8A06-DD42B518C56A}.Debug|Any CPU.ActiveCfg = Debug|Any CPU
		{D83BA8C2-B81C-4074-8A06-DD42B518C56A}.Debug|Any CPU.Build.0 = Debug|Any CPU
		{D83BA8C2-B81C-4074-8A06-DD42B518C56A}.Release|Any CPU.ActiveCfg = Release|Any CPU
		{D83BA8C2-B81C-4074-8A06-DD42B518C56A}.Release|Any CPU.Build.0 = Release|Any CPU
		{D6510C7C-ADE0-4171-A59D-00CE3B83F52F}.Debug|Any CPU.ActiveCfg = Debug
		{D6510C7C-ADE0-4171-A59D-00CE3B83F52F}.Release|Any CPU.ActiveCfg = Release
	EndGlobalSection
	GlobalSection(SolutionProperties) = preSolution
		HideSolutionNode = FALSE
	EndGlobalSection
	GlobalSection(ExtensibilityGlobals) = postSolution
		SolutionGuid = {F7F368BA-A02B-4847-8080-844114055CB1}
	EndGlobalSection
EndGlobal
